
Microsoft Visual Studio Solution File, Format Version 12.00
# Visual Studio Version 16
VisualStudioVersion = 16.0.31702.278
MinimumVisualStudioVersion = 10.0.40219.1
Project("{FAE04EC0-301F-11D3-BF4B-00C04F79EFBC}") = "Windows", "Windows\Windows.csproj", "{D6923639-78F2-438F-BB34-6765676587F1}"
EndProject
Global
	GlobalSection(SolutionConfigurationPlatforms) = preSolution
		Debug|Any CPU = Debug|Any CPU
		Release|Any CPU = Release|Any CPU
	EndGlobalSection
	GlobalSection(ProjectConfigurationPlatforms) = postSolution
		{D6923639-78F2-438F-BB34-6765676587F1}.Debug|Any CPU.ActiveCfg = Debug|Any CPU
		{D6923639-78F2-438F-BB34-6765676587F1}.Debug|Any CPU.Build.0 = Debug|Any CPU
		{D6923639-78F2-438F-BB34-6765676587F1}.Release|Any CPU.ActiveCfg = Release|Any CPU
		{D6923639-78F2-438F-BB34-6765676587F1}.Release|Any CPU.Build.0 = Release|Any CPU
	EndGlobalSection
	GlobalSection(SolutionProperties) = preSolution
		HideSolutionNode = FALSE
	EndGlobalSection
	GlobalSection(ExtensibilityGlobals) = postSolution
		SolutionGuid = {9F457DD8-BB3E-4D22-8B78-6A08CAAAF23C}
	EndGlobalSection
EndGlobal
